
Microsoft Visual Studio Solution File, Format Version 12.00
# Visual Studio 15
VisualStudioVersion = 15.0.27004.2009
MinimumVisualStudioVersion = 10.0.40219.1
Project("{FAE04EC0-301F-11D3-BF4B-00C04F79EFBC}") = "ExecuteApp", "ExecuteApp\ExecuteApp.csproj", "{B89D3523-334E-4330-B0A3-53AD0F219D78}"
EndProject
Global
	GlobalSection(SolutionConfigurationPlatforms) = preSolution
		Debug|Any CPU = Debug|Any CPU
		Release|Any CPU = Release|Any CPU
	EndGlobalSection
	GlobalSection(ProjectConfigurationPlatforms) = postSolution
		{B89D3523-334E-4330-B0A3-53AD0F219D78}.Debug|Any CPU.ActiveCfg = Debug|Any CPU
		{B89D3523-334E-4330-B0A3-53AD0F219D78}.Debug|Any CPU.Build.0 = Debug|Any CPU
		{B89D3523-334E-4330-B0A3-53AD0F219D78}.Release|Any CPU.ActiveCfg = Release|Any CPU
		{B89D3523-334E-4330-B0A3-53AD0F219D78}.Release|Any CPU.Build.0 = Release|Any CPU
	EndGlobalSection
	GlobalSection(SolutionProperties) = preSolution
		HideSolutionNode = FALSE
	EndGlobalSection
	GlobalSection(ExtensibilityGlobals) = postSolution
		SolutionGuid = {6AE3CB33-87FA-43C8-85A7-00AEC92A1B79}
	EndGlobalSection
EndGlobal
